
Microsoft Visual Studio Solution File, Format Version 12.00
# Visual Studio Version 17
VisualStudioVersion = 17.12.35707.178 d17.12
MinimumVisualStudioVersion = 10.0.40219.1
Project("{FAE04EC0-301F-11D3-BF4B-00C04F79EFBC}") = "Nesne2Uyg03-2026", "Nesne2Uyg03-2026\Nesne2Uyg03-2026.csproj", "{B81D0D6A-CB1C-4252-BF2B-E52439E7FD94}"
EndProject
Global
	GlobalSection(SolutionConfigurationPlatforms) = preSolution
		Debug|Any CPU = Debug|Any CPU
		Release|Any CPU = Release|Any CPU
	EndGlobalSection
	GlobalSection(ProjectConfigurationPlatforms) = postSolution
		{B81D0D6A-CB1C-4252-BF2B-E52439E7FD94}.Debug|Any CPU.ActiveCfg = Debug|Any CPU
		{B81D0D6A-CB1C-4252-BF2B-E52439E7FD94}.Debug|Any CPU.Build.0 = Debug|Any CPU
		{B81D0D6A-CB1C-4252-BF2B-E52439E7FD94}.Release|Any CPU.ActiveCfg = Release|Any CPU
		{B81D0D6A-CB1C-4252-BF2B-E52439E7FD94}.Release|Any CPU.Build.0 = Release|Any CPU
	EndGlobalSection
	GlobalSection(SolutionProperties) = preSolution
		HideSolutionNode = FALSE
	EndGlobalSection
EndGlobal
